// !$*UTF8*$!
{
	archiveVersion = 1;
	classes = {
	};
	objectVersion = 77;
	objects = {

/* Begin PBXBuildFile section */
		A57257322E7EDB02002FAE55 /* FirebaseAnalytics in Frameworks */ = {isa = PBXBuildFile; productRef = A57257312E7EDB02002FAE55 /* FirebaseAnalytics */; };
		A57257342E7EDB02002FAE55 /* FirebaseAnalyticsCore in Frameworks */ = {isa = PBXBuildFile; productRef = A57257332E7EDB02002FAE55 /* FirebaseAnalyticsCore */; };
		A57257362E7EDB02002FAE55 /* FirebaseAnalyticsIdentitySupport in Frameworks */ = {isa = PBXBuildFile; productRef = A57257352E7EDB02002FAE55 /* FirebaseAnalyticsIdentitySupport */; };
		A57257382E7EDB02002FAE55 /* FirebaseAppCheck in Frameworks */ = {isa = PBXBuildFile; productRef = A57257372E7EDB02002FAE55 /* FirebaseAppCheck */; };
		A572573D2E7EE04E002FAE55 /* FirebaseAuth in Frameworks */ = {isa = PBXBuildFile; productRef = A572573C2E7EE04E002FAE55 /* FirebaseAuth */; };
		A59837CE2E85FFC100E370E9 /* FirebaseStorage in Frameworks */ = {isa = PBXBuildFile; productRef = A59837CD2E85FFC100E370E9 /* FirebaseStorage */; };
		A5EBD0A72E805857000976E1 /* FirebaseFirestore in Frameworks */ = {isa = PBXBuildFile; productRef = A5EBD0A62E805857000976E1 /* FirebaseFirestore */; };
		A5F4D5892E8305D000D4C4EE /* FirebaseFunctions in Frameworks */ = {isa = PBXBuildFile; productRef = A5F4D5882E8305D000D4C4EE /* FirebaseFunctions */; };
/* End PBXBuildFile section */

/* Begin PBXFileReference section */
		903123D62E79FC1D006EF57B /* DragonTest.app */ = {isa = PBXFileReference; explicitFileType = wrapper.application; includeInIndex = 0; path = DragonTest.app; sourceTree = BUILT_PRODUCTS_DIR; };
/* End PBXFileReference section */

/* Begin PBXFileSystemSynchronizedBuildFileExceptionSet section */
		903123E82E79FC1F006EF57B /* Exceptions for "DragonTest" folder in "DragonTest" target */ = {
			isa = PBXFileSystemSynchronizedBuildFileExceptionSet;
			membershipExceptions = (
				Info.plist,
			);
			target = 903123D52E79FC1D006EF57B /* DragonTest */;
		};
/* End PBXFileSystemSynchronizedBuildFileExceptionSet section */

/* Begin PBXFileSystemSynchronizedRootGroup section */
		903123D82E79FC1D006EF57B /* DragonTest */ = {
			isa = PBXFileSystemSynchronizedRootGroup;
			exceptions = (
				903123E82E79FC1F006EF57B /* Exceptions for "DragonTest" folder in "DragonTest" target */,
			);
			path = DragonTest;
			sourceTree = "<group>";
		};
/* End PBXFileSystemSynchronizedRootGroup section */

/* Begin PBXFrameworksBuildPhase section */
		903123D32E79FC1D006EF57B /* Frameworks */ = {
			isa = PBXFrameworksBuildPhase;
			buildActionMask = 2147483647;
			files = (
				A57257382E7EDB02002FAE55 /* FirebaseAppCheck in Frameworks */,
				A59837CE2E85FFC100E370E9 /* FirebaseStorage in Frameworks */,
				A5F4D5892E8305D000D4C4EE /* FirebaseFunctions in Frameworks */,
				A572573D2E7EE04E002FAE55 /* FirebaseAuth in Frameworks */,
				A57257322E7EDB02002FAE55 /* FirebaseAnalytics in Frameworks */,
				A57257342E7EDB02002FAE55 /* FirebaseAnalyticsCore in Frameworks */,
				A57257362E7EDB02002FAE55 /* FirebaseAnalyticsIdentitySupport in Frameworks */,
				A5EBD0A72E805857000976E1 /* FirebaseFirestore in Frameworks */,
			);
			runOnlyForDeploymentPostprocessing = 0;
		};
/* End PBXFrameworksBuildPhase section */

/* Begin PBXGroup section */
		903123CD2E79FC1D006EF57B = {
			isa = PBXGroup;
			children = (
				903123D82E79FC1D006EF57B /* DragonTest */,
				A572573B2E7EE04E002FAE55 /* Frameworks */,
				903123D72E79FC1D006EF57B /* Products */,
			);
			sourceTree = "<group>";
		};
		903123D72E79FC1D006EF57B /* Products */ = {
			isa = PBXGroup;
			children = (
				903123D62E79FC1D006EF57B /* DragonTest.app */,
			);
			name = Products;
			sourceTree = "<group>";
		};
		A572573B2E7EE04E002FAE55 /* Frameworks */ = {
			isa = PBXGroup;
			children = (
			);
			name = Frameworks;
			sourceTree = "<group>";
		};
/* End PBXGroup section */

/* Begin PBXNativeTarget section */
		903123D52E79FC1D006EF57B /* DragonTest */ = {
			isa = PBXNativeTarget;
			buildConfigurationList = 903123E92E79FC1F006EF57B /* Build configuration list for PBXNativeTarget "DragonTest" */;
			buildPhases = (
				903123D22E79FC1D006EF57B /* Sources */,
				903123D32E79FC1D006EF57B /* Frameworks */,
				903123D42E79FC1D006EF57B /* Resources */,
			);
			buildRules = (
			);
			dependencies = (
			);
			fileSystemSynchronizedGroups = (
				903123D82E79FC1D006EF57B /* DragonTest */,
			);
			name = DragonTest;
			packageProductDependencies = (
				A57257312E7EDB02002FAE55 /* FirebaseAnalytics */,
				A57257332E7EDB02002FAE55 /* FirebaseAnalyticsCore */,
				A57257352E7EDB02002FAE55 /* FirebaseAnalyticsIdentitySupport */,
				A57257372E7EDB02002FAE55 /* FirebaseAppCheck */,
				A572573C2E7EE04E002FAE55 /* FirebaseAuth */,
				A5EBD0A62E805857000976E1 /* FirebaseFirestore */,
				A5F4D5882E8305D000D4C4EE /* FirebaseFunctions */,
				A59837CD2E85FFC100E370E9 /* FirebaseStorage */,
			);
			productName = DragonTest;
			productReference = 903123D62E79FC1D006EF57B /* DragonTest.app */;
			productType = "com.apple.product-type.application";
		};
/* End PBXNativeTarget section */

/* Begin PBXProject section */
		903123CE2E79FC1D006EF57B /* Project object */ = {
			isa = PBXProject;
			attributes = {
				BuildIndependentTargetsInParallel = 1;
				LastSwiftUpdateCheck = 1620;
				LastUpgradeCheck = 1620;
				TargetAttributes = {
					903123D52E79FC1D006EF57B = {
						CreatedOnToolsVersion = 16.2;
					};
				};
			};
			buildConfigurationList = 903123D12E79FC1D006EF57B /* Build configuration list for PBXProject "DragonTest" */;
			developmentRegion = en;
			hasScannedForEncodings = 0;
			knownRegions = (
				en,
				Base,
			);
			mainGroup = 903123CD2E79FC1D006EF57B;
			minimizedProjectReferenceProxies = 1;
			packageReferences = (
				A57257302E7EDB02002FAE55 /* XCRemoteSwiftPackageReference "firebase-ios-sdk" */,
			);
			preferredProjectObjectVersion = 77;
			productRefGroup = 903123D72E79FC1D006EF57B /* Products */;
			projectDirPath = "";
			projectRoot = "";
			targets = (
				903123D52E79FC1D006EF57B /* DragonTest */,
			);
		};
/* End PBXProject section */

/* Begin PBXResourcesBuildPhase section */
		903123D42E79FC1D006EF57B /* Resources */ = {
			isa = PBXResourcesBuildPhase;
			buildActionMask = 2147483647;
			files = (
			);
			runOnlyForDeploymentPostprocessing = 0;
		};
/* End PBXResourcesBuildPhase section */

/* Begin PBXSourcesBuildPhase section */
		903123D22E79FC1D006EF57B /* Sources */ = {
			isa = PBXSourcesBuildPhase;
			buildActionMask = 2147483647;
			files = (
			);
			runOnlyForDeploymentPostprocessing = 0;
		};
/* End PBXSourcesBuildPhase section */

/* Begin XCBuildConfiguration section */
		903123EA2E79FC1F006EF57B /* Debug */ = {
			isa = XCBuildConfiguration;
			buildSettings = {
				ASSETCATALOG_COMPILER_APPICON_NAME = AppIcon;
				ASSETCATALOG_COMPILER_GLOBAL_ACCENT_COLOR_NAME = AccentColor;
				CODE_SIGN_IDENTITY = "Apple Development";
				CODE_SIGN_STYLE = Automatic;
				CURRENT_PROJECT_VERSION = 1;
				DEVELOPMENT_TEAM = 95JWV3FJJ7;
				GENERATE_INFOPLIST_FILE = YES;
				INFOPLIST_FILE = DragonTest/Info.plist;
				INFOPLIST_KEY_UIApplicationSupportsIndirectInputEvents = YES;
				INFOPLIST_KEY_UILaunchStoryboardName = LaunchScreen;
				INFOPLIST_KEY_UISupportedInterfaceOrientations_iPad = "UIInterfaceOrientationPortrait UIInterfaceOrientationPortraitUpsideDown UIInterfaceOrientationLandscapeLeft UIInterfaceOrientationLandscapeRight";
				INFOPLIST_KEY_UISupportedInterfaceOrientations_iPhone = "UIInterfaceOrientationPortrait UIInterfaceOrientationLandscapeLeft UIInterfaceOrientationLandscapeRight";
				LD_RUNPATH_SEARCH_PATHS = (
					"$(inherited)",
					"@executable_path/Frameworks",
				);
				MARKETING_VERSION = 1.0;
				PRODUCT_BUNDLE_IDENTIFIER = DragonTest.de3fdeof1;
				PRODUCT_NAME = "$(TARGET_NAME)";
				PROVISIONING_PROFILE_SPECIFIER = "";
				SUPPORTED_PLATFORMS = "iphoneos iphonesimulator";
				SUPPORTS_MACCATALYST = NO;
				SUPPORTS_MAC_DESIGNED_FOR_IPHONE_IPAD = NO;
				SUPPORTS_XR_DESIGNED_FOR_IPHONE_IPAD = NO;
				SWIFT_EMIT_LOC_STRINGS = YES;
				SWIFT_VERSION = 5.0;
				TARGETED_DEVICE_FAMILY = 1;
			};
			name = Debug;
		};
		903123EB2E79FC1F006EF57B /* Release */ = {
			isa = XCBuildConfiguration;
			buildSettings = {
				ASSETCATALOG_COMPILER_APPICON_NAME = AppIcon;
				ASSETCATALOG_COMPILER_GLOBAL_ACCENT_COLOR_NAME = AccentColor;
				CODE_SIGN_IDENTITY = "Apple Development";
				CODE_SIGN_STYLE = Automatic;
				CURRENT_PROJECT_VERSION = 1;
				DEVELOPMENT_TEAM = 95JWV3FJJ7;
				GENERATE_INFOPLIST_FILE = YES;
				INFOPLIST_FILE = DragonTest/Info.plist;
				INFOPLIST_KEY_UIApplicationSupportsIndirectInputEvents = YES;
				INFOPLIST_KEY_UILaunchStoryboardName = LaunchScreen;
				INFOPLIST_KEY_UISupportedInterfaceOrientations_iPad = "UIInterfaceOrientationPortrait UIInterfaceOrientationPortraitUpsideDown UIInterfaceOrientationLandscapeLeft UIInterfaceOrientationLandscapeRight";
				INFOPLIST_KEY_UISupportedInterfaceOrientations_iPhone = "UIInterfaceOrientationPortrait UIInterfaceOrientationLandscapeLeft UIInterfaceOrientationLandscapeRight";
				LD_RUNPATH_SEARCH_PATHS = (
					"$(inherited)",
					"@executable_path/Frameworks",
				);
				MARKETING_VERSION = 1.0;
				PRODUCT_BUNDLE_IDENTIFIER = DragonTest.de3fdeof1;
				PRODUCT_NAME = "$(TARGET_NAME)";
				PROVISIONING_PROFILE_SPECIFIER = "";
				SUPPORTED_PLATFORMS = "iphoneos iphonesimulator";
				SUPPORTS_MACCATALYST = NO;
				SUPPORTS_MAC_DESIGNED_FOR_IPHONE_IPAD = NO;
				SUPPORTS_XR_DESIGNED_FOR_IPHONE_IPAD = NO;
				SWIFT_EMIT_LOC_STRINGS = YES;
				SWIFT_VERSION = 5.0;
				TARGETED_DEVICE_FAMILY = 1;
			};
			name = Release;
		};
		903123EC2E79FC1F006EF57B /* Debug */ = {
			isa = XCBuildConfiguration;
			buildSettings = {
				ALWAYS_SEARCH_USER_PATHS = NO;
				ASSETCATALOG_COMPILER_GENERATE_SWIFT_ASSET_SYMBOL_EXTENSIONS = YES;
				CLANG_ANALYZER_NONNULL = YES;
				CLANG_ANALYZER_NUMBER_OBJECT_CONVERSION = YES_AGGRESSIVE;
				CLANG_CXX_LANGUAGE_STANDARD = "gnu++20";
				CLANG_ENABLE_MODULES = YES;
				CLANG_ENABLE_OBJC_ARC = YES;
				CLANG_ENABLE_OBJC_WEAK = YES;
				CLANG_WARN_BLOCK_CAPTURE_AUTORELEASING = YES;
				CLANG_WARN_BOOL_CONVERSION = YES;
				CLANG_WARN_COMMA = YES;
				CLANG_WARN_CONSTANT_CONVERSION = YES;
				CLANG_WARN_DEPRECATED_OBJC_IMPLEMENTATIONS = YES;
				CLANG_WARN_DIRECT_OBJC_ISA_USAGE = YES_ERROR;
				CLANG_WARN_DOCUMENTATION_COMMENTS = YES;
				CLANG_WARN_EMPTY_BODY = YES;
				CLANG_WARN_ENUM_CONVERSION = YES;
				CLANG_WARN_INFINITE_RECURSION = YES;
				CLANG_WARN_INT_CONVERSION = YES;
				CLANG_WARN_NON_LITERAL_NULL_CONVERSION = YES;
				CLANG_WARN_OBJC_IMPLICIT_RETAIN_SELF = YES;
				CLANG_WARN_OBJC_LITERAL_CONVERSION = YES;
				CLANG_WARN_OBJC_ROOT_CLASS = YES_ERROR;
				CLANG_WARN_QUOTED_INCLUDE_IN_FRAMEWORK_HEADER = YES;
				CLANG_WARN_RANGE_LOOP_ANALYSIS = YES;
				CLANG_WARN_STRICT_PROTOTYPES = YES;
				CLANG_WARN_SUSPICIOUS_MOVE = YES;
				CLANG_WARN_UNGUARDED_AVAILABILITY = YES_AGGRESSIVE;
				CLANG_WARN_UNREACHABLE_CODE = YES;
				CLANG_WARN__DUPLICATE_METHOD_MATCH = YES;
				COPY_PHASE_STRIP = NO;
				DEBUG_INFORMATION_FORMAT = dwarf;
				ENABLE_STRICT_OBJC_MSGSEND = YES;
				ENABLE_TESTABILITY = YES;
				ENABLE_USER_SCRIPT_SANDBOXING = YES;
				GCC_C_LANGUAGE_STANDARD = gnu17;
				GCC_DYNAMIC_NO_PIC = NO;
				GCC_NO_COMMON_BLOCKS = YES;
				GCC_OPTIMIZATION_LEVEL = 0;
				GCC_PREPROCESSOR_DEFINITIONS = (
					"DEBUG=1",
					"$(inherited)",
				);
				GCC_WARN_64_TO_32_BIT_CONVERSION = YES;
				GCC_WARN_ABOUT_RETURN_TYPE = YES_ERROR;
				GCC_WARN_UNDECLARED_SELECTOR = YES;
				GCC_WARN_UNINITIALIZED_AUTOS = YES_AGGRESSIVE;
				GCC_WARN_UNUSED_FUNCTION = YES;
				GCC_WARN_UNUSED_VARIABLE = YES;
				IPHONEOS_DEPLOYMENT_TARGET = 18.2;
				LOCALIZATION_PREFERS_STRING_CATALOGS = YES;
				MTL_ENABLE_DEBUG_INFO = INCLUDE_SOURCE;
				MTL_FAST_MATH = YES;
				ONLY_ACTIVE_ARCH = YES;
				SDKROOT = iphoneos;
				SWIFT_ACTIVE_COMPILATION_CONDITIONS = "DEBUG $(inherited)";
				SWIFT_OPTIMIZATION_LEVEL = "-Onone";
			};
			name = Debug;
		};
		903123ED2E79FC1F006EF57B /* Release */ = {
			isa = XCBuildConfiguration;
			buildSettings = {
				ALWAYS_SEARCH_USER_PATHS = NO;
				ASSETCATALOG_COMPILER_GENERATE_SWIFT_ASSET_SYMBOL_EXTENSIONS = YES;
				CLANG_ANALYZER_NONNULL = YES;
				CLANG_ANALYZER_NUMBER_OBJECT_CONVERSION = YES_AGGRESSIVE;
				CLANG_CXX_LANGUAGE_STANDARD = "gnu++20";
				CLANG_ENABLE_MODULES = YES;
				CLANG_ENABLE_OBJC_ARC = YES;
				CLANG_ENABLE_OBJC_WEAK = YES;
				CLANG_WARN_BLOCK_CAPTURE_AUTORELEASING = YES;
				CLANG_WARN_BOOL_CONVERSION = YES;
				CLANG_WARN_COMMA = YES;
				CLANG_WARN_CONSTANT_CONVERSION = YES;
				CLANG_WARN_DEPRECATED_OBJC_IMPLEMENTATIONS = YES;
				CLANG_WARN_DIRECT_OBJC_ISA_USAGE = YES_ERROR;
				CLANG_WARN_DOCUMENTATION_COMMENTS = YES;
				CLANG_WARN_EMPTY_BODY = YES;
				CLANG_WARN_ENUM_CONVERSION = YES;
				CLANG_WARN_INFINITE_RECURSION = YES;
				CLANG_WARN_INT_CONVERSION = YES;
				CLANG_WARN_NON_LITERAL_NULL_CONVERSION = YES;
				CLANG_WARN_OBJC_IMPLICIT_RETAIN_SELF = YES;
				CLANG_WARN_OBJC_LITERAL_CONVERSION = YES;
				CLANG_WARN_OBJC_ROOT_CLASS = YES_ERROR;
				CLANG_WARN_QUOTED_INCLUDE_IN_FRAMEWORK_HEADER = YES;
				CLANG_WARN_RANGE_LOOP_ANALYSIS = YES;
				CLANG_WARN_STRICT_PROTOTYPES = YES;
				CLANG_WARN_SUSPICIOUS_MOVE = YES;
				CLANG_WARN_UNGUARDED_AVAILABILITY = YES_AGGRESSIVE;
				CLANG_WARN_UNREACHABLE_CODE = YES;
				CLANG_WARN__DUPLICATE_METHOD_MATCH = YES;
				COPY_PHASE_STRIP = NO;
				DEBUG_INFORMATION_FORMAT = "dwarf-with-dsym";
				ENABLE_NS_ASSERTIONS = NO;
				ENABLE_STRICT_OBJC_MSGSEND = YES;
				ENABLE_USER_SCRIPT_SANDBOXING = YES;
				GCC_C_LANGUAGE_STANDARD = gnu17;
				GCC_NO_COMMON_BLOCKS = YES;
				GCC_WARN_64_TO_32_BIT_CONVERSION = YES;
				GCC_WARN_ABOUT_RETURN_TYPE = YES_ERROR;
				GCC_WARN_UNDECLARED_SELECTOR = YES;
				GCC_WARN_UNINITIALIZED_AUTOS = YES_AGGRESSIVE;
				GCC_WARN_UNUSED_FUNCTION = YES;
				GCC_WARN_UNUSED_VARIABLE = YES;
				IPHONEOS_DEPLOYMENT_TARGET = 18.2;
				LOCALIZATION_PREFERS_STRING_CATALOGS = YES;
				MTL_ENABLE_DEBUG_INFO = NO;
				MTL_FAST_MATH = YES;
				SDKROOT = iphoneos;
				SWIFT_COMPILATION_MODE = wholemodule;
				VALIDATE_PRODUCT = YES;
			};
			name = Release;
		};
/* End XCBuildConfiguration section */

/* Begin XCConfigurationList section */
		903123D12E79FC1D006EF57B /* Build configuration list for PBXProject "DragonTest" */ = {
			isa = XCConfigurationList;
			buildConfigurations = (
				903123EC2E79FC1F006EF57B /* Debug */,
				903123ED2E79FC1F006EF57B /* Release */,
			);
			defaultConfigurationIsVisible = 0;
			defaultConfigurationName = Release;
		};
		903123E92E79FC1F006EF57B /* Build configuration list for PBXNativeTarget "DragonTest" */ = {
			isa = XCConfigurationList;
			buildConfigurations = (
				903123EA2E79FC1F006EF57B /* Debug */,
				903123EB2E79FC1F006EF57B /* Release */,
			);
			defaultConfigurationIsVisible = 0;
			defaultConfigurationName = Release;
		};
/* End XCConfigurationList section */

/* Begin XCRemoteSwiftPackageReference section */
		A57257302E7EDB02002FAE55 /* XCRemoteSwiftPackageReference "firebase-ios-sdk" */ = {
			isa = XCRemoteSwiftPackageReference;
			repositoryURL = "https://github.com/firebase/firebase-ios-sdk";
			requirement = {
				kind = upToNextMajorVersion;
				minimumVersion = 12.3.0;
			};
		};
/* End XCRemoteSwiftPackageReference section */

/* Begin XCSwiftPackageProductDependency section */
		A57257312E7EDB02002FAE55 /* FirebaseAnalytics */ = {
			isa = XCSwiftPackageProductDependency;
			package = A57257302E7EDB02002FAE55 /* XCRemoteSwiftPackageReference "firebase-ios-sdk" */;
			productName = FirebaseAnalytics;
		};
		A57257332E7EDB02002FAE55 /* FirebaseAnalyticsCore */ = {
			isa = XCSwiftPackageProductDependency;
			package = A57257302E7EDB02002FAE55 /* XCRemoteSwiftPackageReference "firebase-ios-sdk" */;
			productName = FirebaseAnalyticsCore;
		};
		A57257352E7EDB02002FAE55 /* FirebaseAnalyticsIdentitySupport */ = {
			isa = XCSwiftPackageProductDependency;
			package = A57257302E7EDB02002FAE55 /* XCRemoteSwiftPackageReference "firebase-ios-sdk" */;
			productName = FirebaseAnalyticsIdentitySupport;
		};
		A57257372E7EDB02002FAE55 /* FirebaseAppCheck */ = {
			isa = XCSwiftPackageProductDependency;
			package = A57257302E7EDB02002FAE55 /* XCRemoteSwiftPackageReference "firebase-ios-sdk" */;
			productName = FirebaseAppCheck;
		};
		A572573C2E7EE04E002FAE55 /* FirebaseAuth */ = {
			isa = XCSwiftPackageProductDependency;
			package = A57257302E7EDB02002FAE55 /* XCRemoteSwiftPackageReference "firebase-ios-sdk" */;
			productName = FirebaseAuth;
		};
		A59837CD2E85FFC100E370E9 /* FirebaseStorage */ = {
			isa = XCSwiftPackageProductDependency;
			package = A57257302E7EDB02002FAE55 /* XCRemoteSwiftPackageReference "firebase-ios-sdk" */;
			productName = FirebaseStorage;
		};
		A5EBD0A62E805857000976E1 /* FirebaseFirestore */ = {
			isa = XCSwiftPackageProductDependency;
			package = A57257302E7EDB02002FAE55 /* XCRemoteSwiftPackageReference "firebase-ios-sdk" */;
			productName = FirebaseFirestore;
		};
		A5F4D5882E8305D000D4C4EE /* FirebaseFunctions */ = {
			isa = XCSwiftPackageProductDependency;
			package = A57257302E7EDB02002FAE55 /* XCRemoteSwiftPackageReference "firebase-ios-sdk" */;
			productName = FirebaseFunctions;
		};
/* End XCSwiftPackageProductDependency section */
	};
	rootObject = 903123CE2E79FC1D006EF57B /* Project object */;
}
